{
  "name": "coinrithm-client-examples",
  "lockfileVersion": 3,
  "requires": true,
  "packages": {
    "": {
      "name": "coinrithm-client-examples",
      "dependencies": {
        "@coinrithm/sdk": "0.3.3"
      }
    },
    "node_modules/@coinrithm/sdk": {
      "version": "0.3.3",
      "resolved": "https://registry.npmjs.org/@coinrithm/sdk/-/sdk-0.3.3.tgz",
      "integrity": "sha512-9i0qhdv7VLcFbvqWRenGemmH+0Do8PGPLnYuGKzvohK5RUFqqc6mev39n7hnEKeqNXQgAJUpapqXh320/6oy6Q==",
      "license": "MIT",
      "dependencies": {
        "openapi-fetch": "^0.13.5"
      }
    },
    "node_modules/openapi-fetch": {
      "version": "0.13.8",
      "resolved": "https://registry.npmjs.org/openapi-fetch/-/openapi-fetch-0.13.8.tgz",
      "integrity": "sha512-yJ4QKRyNxE44baQ9mY5+r/kAzZ8yXMemtNAOFwOzRXJscdjSxxzWSNlyBAr+o5JjkUw9Lc3W7OIoca0cY3PYnQ==",
      "license": "MIT",
      "dependencies": {
        "openapi-typescript-helpers": "^0.0.15"
      }
    },
    "node_modules/openapi-typescript-helpers": {
      "version": "0.0.15",
      "resolved": "https://registry.npmjs.org/openapi-typescript-helpers/-/openapi-typescript-helpers-0.0.15.tgz",
      "integrity": "sha512-opyTPaunsklCBpTK8JGef6mfPhLSnyy5a0IN9vKtx3+4aExf+KxEqYwIy3hqkedXIB97u357uLMJsOnm3GVjsw==",
      "license": "MIT"
    }
  }
}
